
Microsoft Visual Studio Solution File, Format Version 12.00
# Visual Studio Version 16
VisualStudioVersion = 16.0.30309.148
MinimumVisualStudioVersion = 10.0.40219.1
Project("{FAE04EC0-301F-11D3-BF4B-00C04F79EFBC}") = "VigilantKJV.Android", "VigilantKJV\VigilantKJV.Android\VigilantKJV.Android.csproj", "{D6FE9BD7-4D00-4171-8815-BB5529470000}"
EndProject
Project("{FAE04EC0-301F-11D3-BF4B-00C04F79EFBC}") = "VigilantKJV.iOS", "VigilantKJV\VigilantKJV.iOS\VigilantKJV.iOS.csproj", "{03389B82-C826-4DEC-A8FF-7C6106A691DA}"
EndProject
Project("{FAE04EC0-301F-11D3-BF4B-00C04F79EFBC}") = "VigilantKJV.Web", "VigilantKJV\VigilantKJV.Web\VigilantKJV.Web.csproj", "{F1BF79BD-2BF8-4560-8D78-216FA068B69A}"
EndProject
Project("{FAE04EC0-301F-11D3-BF4B-00C04F79EFBC}") = "VigilantKJV", "VigilantKJV\VigilantKJV\VigilantKJV.csproj", "{8B19C4E9-C04A-457F-91E7-4DE74DF31F9E}"
EndProject
Project("{FAE04EC0-301F-11D3-BF4B-00C04F79EFBC}") = "Migrator", "Migrator\Migrator.csproj", "{FEEDCAFF-5FAD-4DCA-86F1-3BAEE17DFEA6}"
EndProject
Global
	GlobalSection(SolutionConfigurationPlatforms) = preSolution
		Debug|Any CPU = Debug|Any CPU
		Debug|iPhone = Debug|iPhone
		Debug|iPhoneSimulator = Debug|iPhoneSimulator
		Migrator|Any CPU = Migrator|Any CPU
		Migrator|iPhone = Migrator|iPhone
		Migrator|iPhoneSimulator = Migrator|iPhoneSimulator
		Release|Any CPU = Release|Any CPU
		Release|iPhone = Release|iPhone
		Release|iPhoneSimulator = Release|iPhoneSimulator
	EndGlobalSection
	GlobalSection(ProjectConfigurationPlatforms) = postSolution
		{D6FE9BD7-4D00-4171-8815-BB5529470000}.Debug|Any CPU.ActiveCfg = Debug|Any CPU
		{D6FE9BD7-4D00-4171-8815-BB5529470000}.Debug|Any CPU.Build.0 = Debug|Any CPU
		{D6FE9BD7-4D00-4171-8815-BB5529470000}.Debug|Any CPU.Deploy.0 = Debug|Any CPU
		{D6FE9BD7-4D00-4171-8815-BB5529470000}.Debug|iPhone.ActiveCfg = Debug|Any CPU
		{D6FE9BD7-4D00-4171-8815-BB5529470000}.Debug|iPhone.Build.0 = Debug|Any CPU
		{D6FE9BD7-4D00-4171-8815-BB5529470000}.Debug|iPhone.Deploy.0 = Debug|Any CPU
		{D6FE9BD7-4D00-4171-8815-BB5529470000}.Debug|iPhoneSimulator.ActiveCfg = Debug|Any CPU
		{D6FE9BD7-4D00-4171-8815-BB5529470000}.Debug|iPhoneSimulator.Build.0 = Debug|Any CPU
		{D6FE9BD7-4D00-4171-8815-BB5529470000}.Debug|iPhoneSimulator.Deploy.0 = Debug|Any CPU
		{D6FE9BD7-4D00-4171-8815-BB5529470000}.Migrator|Any CPU.ActiveCfg = Migrator|Any CPU
		{D6FE9BD7-4D00-4171-8815-BB5529470000}.Migrator|iPhone.ActiveCfg = Migrator|Any CPU
		{D6FE9BD7-4D00-4171-8815-BB5529470000}.Migrator|iPhone.Build.0 = Migrator|Any CPU
		{D6FE9BD7-4D00-4171-8815-BB5529470000}.Migrator|iPhone.Deploy.0 = Migrator|Any CPU
		{D6FE9BD7-4D00-4171-8815-BB5529470000}.Migrator|iPhoneSimulator.ActiveCfg = Migrator|Any CPU
		{D6FE9BD7-4D00-4171-8815-BB5529470000}.Migrator|iPhoneSimulator.Build.0 = Migrator|Any CPU
		{D6FE9BD7-4D00-4171-8815-BB5529470000}.Migrator|iPhoneSimulator.Deploy.0 = Migrator|Any CPU
		{D6FE9BD7-4D00-4171-8815-BB5529470000}.Release|Any CPU.ActiveCfg = Release|Any CPU
		{D6FE9BD7-4D00-4171-8815-BB5529470000}.Release|Any CPU.Build.0 = Release|Any CPU
		{D6FE9BD7-4D00-4171-8815-BB5529470000}.Release|Any CPU.Deploy.0 = Release|Any CPU
		{D6FE9BD7-4D00-4171-8815-BB5529470000}.Release|iPhone.ActiveCfg = Release|Any CPU
		{D6FE9BD7-4D00-4171-8815-BB5529470000}.Release|iPhone.Build.0 = Release|Any CPU
		{D6FE9BD7-4D00-4171-8815-BB5529470000}.Release|iPhone.Deploy.0 = Release|Any CPU
		{D6FE9BD7-4D00-4171-8815-BB5529470000}.Release|iPhoneSimulator.ActiveCfg = Release|Any CPU
		{D6FE9BD7-4D00-4171-8815-BB5529470000}.Release|iPhoneSimulator.Build.0 = Release|Any CPU
		{D6FE9BD7-4D00-4171-8815-BB5529470000}.Release|iPhoneSimulator.Deploy.0 = Release|Any CPU
		{03389B82-C826-4DEC-A8FF-7C6106A691DA}.Debug|Any CPU.ActiveCfg = Debug|iPhone
		{03389B82-C826-4DEC-A8FF-7C6106A691DA}.Debug|Any CPU.Build.0 = Debug|iPhone
		{03389B82-C826-4DEC-A8FF-7C6106A691DA}.Debug|Any CPU.Deploy.0 = Debug|iPhone
		{03389B82-C826-4DEC-A8FF-7C6106A691DA}.Debug|iPhone.ActiveCfg = Debug|iPhone
		{03389B82-C826-4DEC-A8FF-7C6106A691DA}.Debug|iPhone.Build.0 = Debug|iPhone
		{03389B82-C826-4DEC-A8FF-7C6106A691DA}.Debug|iPhone.Deploy.0 = Debug|iPhone
		{03389B82-C826-4DEC-A8FF-7C6106A691DA}.Debug|iPhoneSimulator.ActiveCfg = Debug|iPhoneSimulator
		{03389B82-C826-4DEC-A8FF-7C6106A691DA}.Debug|iPhoneSimulator.Build.0 = Debug|iPhoneSimulator
		{03389B82-C826-4DEC-A8FF-7C6106A691DA}.Debug|iPhoneSimulator.Deploy.0 = Debug|iPhoneSimulator
		{03389B82-C826-4DEC-A8FF-7C6106A691DA}.Migrator|Any CPU.ActiveCfg = Release|iPhone
		{03389B82-C826-4DEC-A8FF-7C6106A691DA}.Migrator|iPhone.ActiveCfg = Release|iPhone
		{03389B82-C826-4DEC-A8FF-7C6106A691DA}.Migrator|iPhoneSimulator.ActiveCfg = Release|iPhoneSimulator
		{03389B82-C826-4DEC-A8FF-7C6106A691DA}.Release|Any CPU.ActiveCfg = Release|iPhone
		{03389B82-C826-4DEC-A8FF-7C6106A691DA}.Release|Any CPU.Build.0 = Release|iPhone
		{03389B82-C826-4DEC-A8FF-7C6106A691DA}.Release|Any CPU.Deploy.0 = Release|iPhone
		{03389B82-C826-4DEC-A8FF-7C6106A691DA}.Release|iPhone.ActiveCfg = Release|iPhone
		{03389B82-C826-4DEC-A8FF-7C6106A691DA}.Release|iPhone.Build.0 = Release|iPhone
		{03389B82-C826-4DEC-A8FF-7C6106A691DA}.Release|iPhone.Deploy.0 = Release|iPhone
		{03389B82-C826-4DEC-A8FF-7C6106A691DA}.Release|iPhoneSimulator.ActiveCfg = Release|iPhoneSimulator
		{03389B82-C826-4DEC-A8FF-7C6106A691DA}.Release|iPhoneSimulator.Build.0 = Release|iPhoneSimulator
		{03389B82-C826-4DEC-A8FF-7C6106A691DA}.Release|iPhoneSimulator.Deploy.0 = Release|iPhoneSimulator
		{F1BF79BD-2BF8-4560-8D78-216FA068B69A}.Debug|Any CPU.ActiveCfg = Debug|Any CPU
		{F1BF79BD-2BF8-4560-8D78-216FA068B69A}.Debug|Any CPU.Build.0 = Debug|Any CPU
		{F1BF79BD-2BF8-4560-8D78-216FA068B69A}.Debug|Any CPU.Deploy.0 = Debug|Any CPU
		{F1BF79BD-2BF8-4560-8D78-216FA068B69A}.Debug|iPhone.ActiveCfg = Debug|Any CPU
		{F1BF79BD-2BF8-4560-8D78-216FA068B69A}.Debug|iPhone.Build.0 = Debug|Any CPU
		{F1BF79BD-2BF8-4560-8D78-216FA068B69A}.Debug|iPhone.Deploy.0 = Debug|Any CPU
		{F1BF79BD-2BF8-4560-8D78-216FA068B69A}.Debug|iPhoneSimulator.ActiveCfg = Debug|Any CPU
		{F1BF79BD-2BF8-4560-8D78-216FA068B69A}.Debug|iPhoneSimulator.Build.0 = Debug|Any CPU
		{F1BF79BD-2BF8-4560-8D78-216FA068B69A}.Debug|iPhoneSimulator.Deploy.0 = Debug|Any CPU
		{F1BF79BD-2BF8-4560-8D78-216FA068B69A}.Migrator|Any CPU.ActiveCfg = Migrator|Any CPU
		{F1BF79BD-2BF8-4560-8D78-216FA068B69A}.Migrator|iPhone.ActiveCfg = Migrator|Any CPU
		{F1BF79BD-2BF8-4560-8D78-216FA068B69A}.Migrator|iPhone.Build.0 = Migrator|Any CPU
		{F1BF79BD-2BF8-4560-8D78-216FA068B69A}.Migrator|iPhoneSimulator.ActiveCfg = Migrator|Any CPU
		{F1BF79BD-2BF8-4560-8D78-216FA068B69A}.Migrator|iPhoneSimulator.Build.0 = Migrator|Any CPU
		{F1BF79BD-2BF8-4560-8D78-216FA068B69A}.Release|Any CPU.ActiveCfg = Release|Any CPU
		{F1BF79BD-2BF8-4560-8D78-216FA068B69A}.Release|Any CPU.Build.0 = Release|Any CPU
		{F1BF79BD-2BF8-4560-8D78-216FA068B69A}.Release|Any CPU.Deploy.0 = Release|Any CPU
		{F1BF79BD-2BF8-4560-8D78-216FA068B69A}.Release|iPhone.ActiveCfg = Release|Any CPU
		{F1BF79BD-2BF8-4560-8D78-216FA068B69A}.Release|iPhone.Build.0 = Release|Any CPU
		{F1BF79BD-2BF8-4560-8D78-216FA068B69A}.Release|iPhone.Deploy.0 = Release|Any CPU
		{F1BF79BD-2BF8-4560-8D78-216FA068B69A}.Release|iPhoneSimulator.ActiveCfg = Release|Any CPU
		{F1BF79BD-2BF8-4560-8D78-216FA068B69A}.Release|iPhoneSimulator.Build.0 = Release|Any CPU
		{F1BF79BD-2BF8-4560-8D78-216FA068B69A}.Release|iPhoneSimulator.Deploy.0 = Release|Any CPU
		{8B19C4E9-C04A-457F-91E7-4DE74DF31F9E}.Debug|Any CPU.ActiveCfg = Debug|Any CPU
		{8B19C4E9-C04A-457F-91E7-4DE74DF31F9E}.Debug|Any CPU.Build.0 = Debug|Any CPU
		{8B19C4E9-C04A-457F-91E7-4DE74DF31F9E}.Debug|Any CPU.Deploy.0 = Debug|Any CPU
		{8B19C4E9-C04A-457F-91E7-4DE74DF31F9E}.Debug|iPhone.ActiveCfg = Debug|Any CPU
		{8B19C4E9-C04A-457F-91E7-4DE74DF31F9E}.Debug|iPhone.Build.0 = Debug|Any CPU
		{8B19C4E9-C04A-457F-91E7-4DE74DF31F9E}.Debug|iPhone.Deploy.0 = Debug|Any CPU
		{8B19C4E9-C04A-457F-91E7-4DE74DF31F9E}.Debug|iPhoneSimulator.ActiveCfg = Debug|Any CPU
		{8B19C4E9-C04A-457F-91E7-4DE74DF31F9E}.Debug|iPhoneSimulator.Build.0 = Debug|Any CPU
		{8B19C4E9-C04A-457F-91E7-4DE74DF31F9E}.Debug|iPhoneSimulator.Deploy.0 = Debug|Any CPU
		{8B19C4E9-C04A-457F-91E7-4DE74DF31F9E}.Migrator|Any CPU.ActiveCfg = Migrator|Any CPU
		{8B19C4E9-C04A-457F-91E7-4DE74DF31F9E}.Migrator|iPhone.ActiveCfg = Migrator|Any CPU
		{8B19C4E9-C04A-457F-91E7-4DE74DF31F9E}.Migrator|iPhone.Build.0 = Migrator|Any CPU
		{8B19C4E9-C04A-457F-91E7-4DE74DF31F9E}.Migrator|iPhoneSimulator.ActiveCfg = Migrator|Any CPU
		{8B19C4E9-C04A-457F-91E7-4DE74DF31F9E}.Migrator|iPhoneSimulator.Build.0 = Migrator|Any CPU
		{8B19C4E9-C04A-457F-91E7-4DE74DF31F9E}.Release|Any CPU.ActiveCfg = Release|Any CPU
		{8B19C4E9-C04A-457F-91E7-4DE74DF31F9E}.Release|Any CPU.Build.0 = Release|Any CPU
		{8B19C4E9-C04A-457F-91E7-4DE74DF31F9E}.Release|Any CPU.Deploy.0 = Release|Any CPU
		{8B19C4E9-C04A-457F-91E7-4DE74DF31F9E}.Release|iPhone.ActiveCfg = Release|Any CPU
		{8B19C4E9-C04A-457F-91E7-4DE74DF31F9E}.Release|iPhone.Build.0 = Release|Any CPU
		{8B19C4E9-C04A-457F-91E7-4DE74DF31F9E}.Release|iPhone.Deploy.0 = Release|Any CPU
		{8B19C4E9-C04A-457F-91E7-4DE74DF31F9E}.Release|iPhoneSimulator.ActiveCfg = Release|Any CPU
		{8B19C4E9-C04A-457F-91E7-4DE74DF31F9E}.Release|iPhoneSimulator.Build.0 = Release|Any CPU
		{8B19C4E9-C04A-457F-91E7-4DE74DF31F9E}.Release|iPhoneSimulator.Deploy.0 = Release|Any CPU
		{FEEDCAFF-5FAD-4DCA-86F1-3BAEE17DFEA6}.Debug|Any CPU.ActiveCfg = Debug|Any CPU
		{FEEDCAFF-5FAD-4DCA-86F1-3BAEE17DFEA6}.Debug|Any CPU.Build.0 = Debug|Any CPU
		{FEEDCAFF-5FAD-4DCA-86F1-3BAEE17DFEA6}.Debug|iPhone.ActiveCfg = Debug|Any CPU
		{FEEDCAFF-5FAD-4DCA-86F1-3BAEE17DFEA6}.Debug|iPhone.Build.0 = Debug|Any CPU
		{FEEDCAFF-5FAD-4DCA-86F1-3BAEE17DFEA6}.Debug|iPhoneSimulator.ActiveCfg = Debug|Any CPU
		{FEEDCAFF-5FAD-4DCA-86F1-3BAEE17DFEA6}.Debug|iPhoneSimulator.Build.0 = Debug|Any CPU
		{FEEDCAFF-5FAD-4DCA-86F1-3BAEE17DFEA6}.Migrator|Any CPU.ActiveCfg = Migrator|Any CPU
		{FEEDCAFF-5FAD-4DCA-86F1-3BAEE17DFEA6}.Migrator|Any CPU.Build.0 = Migrator|Any CPU
		{FEEDCAFF-5FAD-4DCA-86F1-3BAEE17DFEA6}.Migrator|iPhone.ActiveCfg = Migrator|Any CPU
		{FEEDCAFF-5FAD-4DCA-86F1-3BAEE17DFEA6}.Migrator|iPhone.Build.0 = Migrator|Any CPU
		{FEEDCAFF-5FAD-4DCA-86F1-3BAEE17DFEA6}.Migrator|iPhoneSimulator.ActiveCfg = Migrator|Any CPU
		{FEEDCAFF-5FAD-4DCA-86F1-3BAEE17DFEA6}.Migrator|iPhoneSimulator.Build.0 = Migrator|Any CPU
		{FEEDCAFF-5FAD-4DCA-86F1-3BAEE17DFEA6}.Release|Any CPU.ActiveCfg = Release|Any CPU
		{FEEDCAFF-5FAD-4DCA-86F1-3BAEE17DFEA6}.Release|Any CPU.Build.0 = Release|Any CPU
		{FEEDCAFF-5FAD-4DCA-86F1-3BAEE17DFEA6}.Release|iPhone.ActiveCfg = Release|Any CPU
		{FEEDCAFF-5FAD-4DCA-86F1-3BAEE17DFEA6}.Release|iPhone.Build.0 = Release|Any CPU
		{FEEDCAFF-5FAD-4DCA-86F1-3BAEE17DFEA6}.Release|iPhoneSimulator.ActiveCfg = Release|Any CPU
		{FEEDCAFF-5FAD-4DCA-86F1-3BAEE17DFEA6}.Release|iPhoneSimulator.Build.0 = Release|Any CPU
	EndGlobalSection
	GlobalSection(SolutionProperties) = preSolution
		HideSolutionNode = FALSE
	EndGlobalSection
	GlobalSection(ExtensibilityGlobals) = postSolution
		SolutionGuid = {E182D7DE-4F30-4981-9462-F0D4D0D42632}
	EndGlobalSection
EndGlobal
